// !$*UTF8*$!
{
	archiveVersion = 1;
	classes = {
	};
	objectVersion = 55;
	objects = {

/* Begin PBXBuildFile section */
		C7091168277DB35A00EC547B /* TransformingShapes.swift in Sources */ = {isa = PBXBuildFile; fileRef = C7091167277DB35A00EC547B /* TransformingShapes.swift */; };
		C709116A277DB8CE00EC547B /* CreativeBoredersView.swift in Sources */ = {isa = PBXBuildFile; fileRef = C7091169277DB8CE00EC547B /* CreativeBoredersView.swift */; };
		C709116C277DBC6000EC547B /* DrawingGroupView.swift in Sources */ = {isa = PBXBuildFile; fileRef = C709116B277DBC6000EC547B /* DrawingGroupView.swift */; };
		C7432CEE2769DA2F00C38DF2 /* SwiftUIPathAndShapesView.swift in Sources */ = {isa = PBXBuildFile; fileRef = C7432CED2769DA2E00C38DF2 /* SwiftUIPathAndShapesView.swift */; };
		C7432CF02769DCF800C38DF2 /* SwiftUIInsettableShapeView.swift in Sources */ = {isa = PBXBuildFile; fileRef = C7432CEF2769DCF800C38DF2 /* SwiftUIInsettableShapeView.swift */; };
		C746CF2E27806E310053BE6E /* BlendingModesView.swift in Sources */ = {isa = PBXBuildFile; fileRef = C746CF2D27806E310053BE6E /* BlendingModesView.swift */; };
		C7CA6976276938E10071970A /* SwiftUIPathView.swift in Sources */ = {isa = PBXBuildFile; fileRef = C7CA6975276938E10071970A /* SwiftUIPathView.swift */; };
		C7E41FE627693652008E5ABA /* DrawingApp.swift in Sources */ = {isa = PBXBuildFile; fileRef = C7E41FE527693652008E5ABA /* DrawingApp.swift */; };
		C7E41FE827693652008E5ABA /* ContentView.swift in Sources */ = {isa = PBXBuildFile; fileRef = C7E41FE727693652008E5ABA /* ContentView.swift */; };
		C7E41FEA27693653008E5ABA /* Assets.xcassets in Resources */ = {isa = PBXBuildFile; fileRef = C7E41FE927693653008E5ABA /* Assets.xcassets */; };
		C7E41FED27693653008E5ABA /* Preview Assets.xcassets in Resources */ = {isa = PBXBuildFile; fileRef = C7E41FEC27693653008E5ABA /* Preview Assets.xcassets */; };
		C7F27B95278071D2003BFCBE /* ScreenBlendModeView.swift in Sources */ = {isa = PBXBuildFile; fileRef = C7F27B94278071D2003BFCBE /* ScreenBlendModeView.swift */; };
		C7F27B972780ABD4003BFCBE /* AnimatebleDsataView.swift in Sources */ = {isa = PBXBuildFile; fileRef = C7F27B962780ABD4003BFCBE /* AnimatebleDsataView.swift */; };
		C7F27B992780AE0A003BFCBE /* AnimatablePairView.swift in Sources */ = {isa = PBXBuildFile; fileRef = C7F27B982780AE0A003BFCBE /* AnimatablePairView.swift */; };
/* End PBXBuildFile section */

/* Begin PBXFileReference section */
		C7091167277DB35A00EC547B /* TransformingShapes.swift */ = {isa = PBXFileReference; lastKnownFileType = sourcecode.swift; path = TransformingShapes.swift; sourceTree = "<group>"; };
		C7091169277DB8CE00EC547B /* CreativeBoredersView.swift */ = {isa = PBXFileReference; lastKnownFileType = sourcecode.swift; path = CreativeBoredersView.swift; sourceTree = "<group>"; };
		C709116B277DBC6000EC547B /* DrawingGroupView.swift */ = {isa = PBXFileReference; lastKnownFileType = sourcecode.swift; path = DrawingGroupView.swift; sourceTree = "<group>"; };
		C7432CED2769DA2E00C38DF2 /* SwiftUIPathAndShapesView.swift */ = {isa = PBXFileReference; lastKnownFileType = sourcecode.swift; path = SwiftUIPathAndShapesView.swift; sourceTree = "<group>"; };
		C7432CEF2769DCF800C38DF2 /* SwiftUIInsettableShapeView.swift */ = {isa = PBXFileReference; lastKnownFileType = sourcecode.swift; path = SwiftUIInsettableShapeView.swift; sourceTree = "<group>"; };
		C746CF2D27806E310053BE6E /* BlendingModesView.swift */ = {isa = PBXFileReference; lastKnownFileType = sourcecode.swift; name = BlendingModesView.swift; path = Drawing/BlendingModesView.swift; sourceTree = "<group>"; };
		C7CA6975276938E10071970A /* SwiftUIPathView.swift */ = {isa = PBXFileReference; lastKnownFileType = sourcecode.swift; path = SwiftUIPathView.swift; sourceTree = "<group>"; };
		C7E41FE227693652008E5ABA /* Drawing.app */ = {isa = PBXFileReference; explicitFileType = wrapper.application; includeInIndex = 0; path = Drawing.app; sourceTree = BUILT_PRODUCTS_DIR; };
		C7E41FE527693652008E5ABA /* DrawingApp.swift */ = {isa = PBXFileReference; lastKnownFileType = sourcecode.swift; path = DrawingApp.swift; sourceTree = "<group>"; };
		C7E41FE727693652008E5ABA /* ContentView.swift */ = {isa = PBXFileReference; lastKnownFileType = sourcecode.swift; path = ContentView.swift; sourceTree = "<group>"; };
		C7E41FE927693653008E5ABA /* Assets.xcassets */ = {isa = PBXFileReference; lastKnownFileType = folder.assetcatalog; path = Assets.xcassets; sourceTree = "<group>"; };
		C7E41FEC27693653008E5ABA /* Preview Assets.xcassets */ = {isa = PBXFileReference; lastKnownFileType = folder.assetcatalog; path = "Preview Assets.xcassets"; sourceTree = "<group>"; };
		C7F27B94278071D2003BFCBE /* ScreenBlendModeView.swift */ = {isa = PBXFileReference; lastKnownFileType = sourcecode.swift; path = ScreenBlendModeView.swift; sourceTree = "<group>"; };
		C7F27B962780ABD4003BFCBE /* AnimatebleDsataView.swift */ = {isa = PBXFileReference; lastKnownFileType = sourcecode.swift; path = AnimatebleDsataView.swift; sourceTree = "<group>"; };
		C7F27B982780AE0A003BFCBE /* AnimatablePairView.swift */ = {isa = PBXFileReference; lastKnownFileType = sourcecode.swift; path = AnimatablePairView.swift; sourceTree = "<group>"; };
/* End PBXFileReference section */

/* Begin PBXFrameworksBuildPhase section */
		C7E41FDF27693652008E5ABA /* Frameworks */ = {
			isa = PBXFrameworksBuildPhase;
			buildActionMask = 2147483647;
			files = (
			);
			runOnlyForDeploymentPostprocessing = 0;
		};
/* End PBXFrameworksBuildPhase section */

/* Begin PBXGroup section */
		C7E41FD927693652008E5ABA = {
			isa = PBXGroup;
			children = (
				C7CA6975276938E10071970A /* SwiftUIPathView.swift */,
				C7432CED2769DA2E00C38DF2 /* SwiftUIPathAndShapesView.swift */,
				C7432CEF2769DCF800C38DF2 /* SwiftUIInsettableShapeView.swift */,
				C7091167277DB35A00EC547B /* TransformingShapes.swift */,
				C7091169277DB8CE00EC547B /* CreativeBoredersView.swift */,
				C709116B277DBC6000EC547B /* DrawingGroupView.swift */,
				C746CF2D27806E310053BE6E /* BlendingModesView.swift */,
				C7F27B94278071D2003BFCBE /* ScreenBlendModeView.swift */,
				C7F27B962780ABD4003BFCBE /* AnimatebleDsataView.swift */,
				C7F27B982780AE0A003BFCBE /* AnimatablePairView.swift */,
				C7E41FE427693652008E5ABA /* Drawing */,
				C7E41FE327693652008E5ABA /* Products */,
			);
			sourceTree = "<group>";
		};
		C7E41FE327693652008E5ABA /* Products */ = {
			isa = PBXGroup;
			children = (
				C7E41FE227693652008E5ABA /* Drawing.app */,
			);
			name = Products;
			sourceTree = "<group>";
		};
		C7E41FE427693652008E5ABA /* Drawing */ = {
			isa = PBXGroup;
			children = (
				C7E41FE527693652008E5ABA /* DrawingApp.swift */,
				C7E41FE727693652008E5ABA /* ContentView.swift */,
				C7E41FE927693653008E5ABA /* Assets.xcassets */,
				C7E41FEB27693653008E5ABA /* Preview Content */,
			);
			path = Drawing;
			sourceTree = "<group>";
		};
		C7E41FEB27693653008E5ABA /* Preview Content */ = {
			isa = PBXGroup;
			children = (
				C7E41FEC27693653008E5ABA /* Preview Assets.xcassets */,
			);
			path = "Preview Content";
			sourceTree = "<group>";
		};
/* End PBXGroup section */

/* Begin PBXNativeTarget section */
		C7E41FE127693652008E5ABA /* Drawing */ = {
			isa = PBXNativeTarget;
			buildConfigurationList = C7E41FF027693653008E5ABA /* Build configuration list for PBXNativeTarget "Drawing" */;
			buildPhases = (
				C7E41FDE27693652008E5ABA /* Sources */,
				C7E41FDF27693652008E5ABA /* Frameworks */,
				C7E41FE027693652008E5ABA /* Resources */,
			);
			buildRules = (
			);
			dependencies = (
			);
			name = Drawing;
			productName = Drawing;
			productReference = C7E41FE227693652008E5ABA /* Drawing.app */;
			productType = "com.apple.product-type.application";
		};
/* End PBXNativeTarget section */

/* Begin PBXProject section */
		C7E41FDA27693652008E5ABA /* Project object */ = {
			isa = PBXProject;
			attributes = {
				BuildIndependentTargetsInParallel = 1;
				LastSwiftUpdateCheck = 1320;
				LastUpgradeCheck = 1320;
				TargetAttributes = {
					C7E41FE127693652008E5ABA = {
						CreatedOnToolsVersion = 13.2;
					};
				};
			};
			buildConfigurationList = C7E41FDD27693652008E5ABA /* Build configuration list for PBXProject "Drawing" */;
			compatibilityVersion = "Xcode 13.0";
			developmentRegion = en;
			hasScannedForEncodings = 0;
			knownRegions = (
				en,
				Base,
			);
			mainGroup = C7E41FD927693652008E5ABA;
			productRefGroup = C7E41FE327693652008E5ABA /* Products */;
			projectDirPath = "";
			projectRoot = "";
			targets = (
				C7E41FE127693652008E5ABA /* Drawing */,
			);
		};
/* End PBXProject section */

/* Begin PBXResourcesBuildPhase section */
		C7E41FE027693652008E5ABA /* Resources */ = {
			isa = PBXResourcesBuildPhase;
			buildActionMask = 2147483647;
			files = (
				C7E41FED27693653008E5ABA /* Preview Assets.xcassets in Resources */,
				C7E41FEA27693653008E5ABA /* Assets.xcassets in Resources */,
			);
			runOnlyForDeploymentPostprocessing = 0;
		};
/* End PBXResourcesBuildPhase section */

/* Begin PBXSourcesBuildPhase section */
		C7E41FDE27693652008E5ABA /* Sources */ = {
			isa = PBXSourcesBuildPhase;
			buildActionMask = 2147483647;
			files = (
				C7F27B992780AE0A003BFCBE /* AnimatablePairView.swift in Sources */,
				C7CA6976276938E10071970A /* SwiftUIPathView.swift in Sources */,
				C7E41FE827693652008E5ABA /* ContentView.swift in Sources */,
				C7F27B972780ABD4003BFCBE /* AnimatebleDsataView.swift in Sources */,
				C7432CF02769DCF800C38DF2 /* SwiftUIInsettableShapeView.swift in Sources */,
				C7091168277DB35A00EC547B /* TransformingShapes.swift in Sources */,
				C746CF2E27806E310053BE6E /* BlendingModesView.swift in Sources */,
				C7F27B95278071D2003BFCBE /* ScreenBlendModeView.swift in Sources */,
				C709116A277DB8CE00EC547B /* CreativeBoredersView.swift in Sources */,
				C709116C277DBC6000EC547B /* DrawingGroupView.swift in Sources */,
				C7E41FE627693652008E5ABA /* DrawingApp.swift in Sources */,
				C7432CEE2769DA2F00C38DF2 /* SwiftUIPathAndShapesView.swift in Sources */,
			);
			runOnlyForDeploymentPostprocessing = 0;
		};
/* End PBXSourcesBuildPhase section */

/* Begin XCBuildConfiguration section */
		C7E41FEE27693653008E5ABA /* Debug */ = {
			isa = XCBuildConfiguration;
			buildSettings = {
				ALWAYS_SEARCH_USER_PATHS = NO;
				CLANG_ANALYZER_NONNULL = YES;
				CLANG_ANALYZER_NUMBER_OBJECT_CONVERSION = YES_AGGRESSIVE;
				CLANG_CXX_LANGUAGE_STANDARD = "gnu++17";
				CLANG_CXX_LIBRARY = "libc++";
				CLANG_ENABLE_MODULES = YES;
				CLANG_ENABLE_OBJC_ARC = YES;
				CLANG_ENABLE_OBJC_WEAK = YES;
				CLANG_WARN_BLOCK_CAPTURE_AUTORELEASING = YES;
				CLANG_WARN_BOOL_CONVERSION = YES;
				CLANG_WARN_COMMA = YES;
				CLANG_WARN_CONSTANT_CONVERSION = YES;
				CLANG_WARN_DEPRECATED_OBJC_IMPLEMENTATIONS = YES;
				CLANG_WARN_DIRECT_OBJC_ISA_USAGE = YES_ERROR;
				CLANG_WARN_DOCUMENTATION_COMMENTS = YES;
				CLANG_WARN_EMPTY_BODY = YES;
				CLANG_WARN_ENUM_CONVERSION = YES;
				CLANG_WARN_INFINITE_RECURSION = YES;
				CLANG_WARN_INT_CONVERSION = YES;
				CLANG_WARN_NON_LITERAL_NULL_CONVERSION = YES;
				CLANG_WARN_OBJC_IMPLICIT_RETAIN_SELF = YES;
				CLANG_WARN_OBJC_LITERAL_CONVERSION = YES;
				CLANG_WARN_OBJC_ROOT_CLASS = YES_ERROR;
				CLANG_WARN_QUOTED_INCLUDE_IN_FRAMEWORK_HEADER = YES;
				CLANG_WARN_RANGE_LOOP_ANALYSIS = YES;
				CLANG_WARN_STRICT_PROTOTYPES = YES;
				CLANG_WARN_SUSPICIOUS_MOVE = YES;
				CLANG_WARN_UNGUARDED_AVAILABILITY = YES_AGGRESSIVE;
				CLANG_WARN_UNREACHABLE_CODE = YES;
				CLANG_WARN__DUPLICATE_METHOD_MATCH = YES;
				COPY_PHASE_STRIP = NO;
				DEBUG_INFORMATION_FORMAT = dwarf;
				ENABLE_STRICT_OBJC_MSGSEND = YES;
				ENABLE_TESTABILITY = YES;
				GCC_C_LANGUAGE_STANDARD = gnu11;
				GCC_DYNAMIC_NO_PIC = NO;
				GCC_NO_COMMON_BLOCKS = YES;
				GCC_OPTIMIZATION_LEVEL = 0;
				GCC_PREPROCESSOR_DEFINITIONS = (
					"DEBUG=1",
					"$(inherited)",
				);
				GCC_WARN_64_TO_32_BIT_CONVERSION = YES;
				GCC_WARN_ABOUT_RETURN_TYPE = YES_ERROR;
				GCC_WARN_UNDECLARED_SELECTOR = YES;
				GCC_WARN_UNINITIALIZED_AUTOS = YES_AGGRESSIVE;
				GCC_WARN_UNUSED_FUNCTION = YES;
				GCC_WARN_UNUSED_VARIABLE = YES;
				IPHONEOS_DEPLOYMENT_TARGET = 15.0;
				MTL_ENABLE_DEBUG_INFO = INCLUDE_SOURCE;
				MTL_FAST_MATH = YES;
				ONLY_ACTIVE_ARCH = YES;
				SDKROOT = iphoneos;
				SWIFT_ACTIVE_COMPILATION_CONDITIONS = DEBUG;
				SWIFT_OPTIMIZATION_LEVEL = "-Onone";
			};
			name = Debug;
		};
		C7E41FEF27693653008E5ABA /* Release */ = {
			isa = XCBuildConfiguration;
			buildSettings = {
				ALWAYS_SEARCH_USER_PATHS = NO;
				CLANG_ANALYZER_NONNULL = YES;
				CLANG_ANALYZER_NUMBER_OBJECT_CONVERSION = YES_AGGRESSIVE;
				CLANG_CXX_LANGUAGE_STANDARD = "gnu++17";
				CLANG_CXX_LIBRARY = "libc++";
				CLANG_ENABLE_MODULES = YES;
				CLANG_ENABLE_OBJC_ARC = YES;
				CLANG_ENABLE_OBJC_WEAK = YES;
				CLANG_WARN_BLOCK_CAPTURE_AUTORELEASING = YES;
				CLANG_WARN_BOOL_CONVERSION = YES;
				CLANG_WARN_COMMA = YES;
				CLANG_WARN_CONSTANT_CONVERSION = YES;
				CLANG_WARN_DEPRECATED_OBJC_IMPLEMENTATIONS = YES;
				CLANG_WARN_DIRECT_OBJC_ISA_USAGE = YES_ERROR;
				CLANG_WARN_DOCUMENTATION_COMMENTS = YES;
				CLANG_WARN_EMPTY_BODY = YES;
				CLANG_WARN_ENUM_CONVERSION = YES;
				CLANG_WARN_INFINITE_RECURSION = YES;
				CLANG_WARN_INT_CONVERSION = YES;
				CLANG_WARN_NON_LITERAL_NULL_CONVERSION = YES;
				CLANG_WARN_OBJC_IMPLICIT_RETAIN_SELF = YES;
				CLANG_WARN_OBJC_LITERAL_CONVERSION = YES;
				CLANG_WARN_OBJC_ROOT_CLASS = YES_ERROR;
				CLANG_WARN_QUOTED_INCLUDE_IN_FRAMEWORK_HEADER = YES;
				CLANG_WARN_RANGE_LOOP_ANALYSIS = YES;
				CLANG_WARN_STRICT_PROTOTYPES = YES;
				CLANG_WARN_SUSPICIOUS_MOVE = YES;
				CLANG_WARN_UNGUARDED_AVAILABILITY = YES_AGGRESSIVE;
				CLANG_WARN_UNREACHABLE_CODE = YES;
				CLANG_WARN__DUPLICATE_METHOD_MATCH = YES;
				COPY_PHASE_STRIP = NO;
				DEBUG_INFORMATION_FORMAT = "dwarf-with-dsym";
				ENABLE_NS_ASSERTIONS = NO;
				ENABLE_STRICT_OBJC_MSGSEND = YES;
				GCC_C_LANGUAGE_STANDARD = gnu11;
				GCC_NO_COMMON_BLOCKS = YES;
				GCC_WARN_64_TO_32_BIT_CONVERSION = YES;
				GCC_WARN_ABOUT_RETURN_TYPE = YES_ERROR;
				GCC_WARN_UNDECLARED_SELECTOR = YES;
				GCC_WARN_UNINITIALIZED_AUTOS = YES_AGGRESSIVE;
				GCC_WARN_UNUSED_FUNCTION = YES;
				GCC_WARN_UNUSED_VARIABLE = YES;
				IPHONEOS_DEPLOYMENT_TARGET = 15.0;
				MTL_ENABLE_DEBUG_INFO = NO;
				MTL_FAST_MATH = YES;
				SDKROOT = iphoneos;
				SWIFT_COMPILATION_MODE = wholemodule;
				SWIFT_OPTIMIZATION_LEVEL = "-O";
				VALIDATE_PRODUCT = YES;
			};
			name = Release;
		};
		C7E41FF127693653008E5ABA /* Debug */ = {
			isa = XCBuildConfiguration;
			buildSettings = {
				ASSETCATALOG_COMPILER_APPICON_NAME = AppIcon;
				ASSETCATALOG_COMPILER_GLOBAL_ACCENT_COLOR_NAME = AccentColor;
				CODE_SIGN_STYLE = Automatic;
				CURRENT_PROJECT_VERSION = 1;
				DEVELOPMENT_ASSET_PATHS = "\"Drawing/Preview Content\"";
				DEVELOPMENT_TEAM = 3YBS3Y2WC7;
				ENABLE_PREVIEWS = YES;
				GENERATE_INFOPLIST_FILE = YES;
				INFOPLIST_KEY_UIApplicationSceneManifest_Generation = YES;
				INFOPLIST_KEY_UIApplicationSupportsIndirectInputEvents = YES;
				INFOPLIST_KEY_UILaunchScreen_Generation = YES;
				INFOPLIST_KEY_UISupportedInterfaceOrientations_iPad = "UIInterfaceOrientationPortrait UIInterfaceOrientationPortraitUpsideDown UIInterfaceOrientationLandscapeLeft UIInterfaceOrientationLandscapeRight";
				INFOPLIST_KEY_UISupportedInterfaceOrientations_iPhone = "UIInterfaceOrientationPortrait UIInterfaceOrientationLandscapeLeft UIInterfaceOrientationLandscapeRight";
				LD_RUNPATH_SEARCH_PATHS = (
					"$(inherited)",
					"@executable_path/Frameworks",
				);
				MARKETING_VERSION = 1.0;
				PRODUCT_BUNDLE_IDENTIFIER = dev.petermolnar.Drawing;
				PRODUCT_NAME = "$(TARGET_NAME)";
				SWIFT_EMIT_LOC_STRINGS = YES;
				SWIFT_VERSION = 5.0;
				TARGETED_DEVICE_FAMILY = "1,2";
			};
			name = Debug;
		};
		C7E41FF227693653008E5ABA /* Release */ = {
			isa = XCBuildConfiguration;
			buildSettings = {
				ASSETCATALOG_COMPILER_APPICON_NAME = AppIcon;
				ASSETCATALOG_COMPILER_GLOBAL_ACCENT_COLOR_NAME = AccentColor;
				CODE_SIGN_STYLE = Automatic;
				CURRENT_PROJECT_VERSION = 1;
				DEVELOPMENT_ASSET_PATHS = "\"Drawing/Preview Content\"";
				DEVELOPMENT_TEAM = 3YBS3Y2WC7;
				ENABLE_PREVIEWS = YES;
				GENERATE_INFOPLIST_FILE = YES;
				INFOPLIST_KEY_UIApplicationSceneManifest_Generation = YES;
				INFOPLIST_KEY_UIApplicationSupportsIndirectInputEvents = YES;
				INFOPLIST_KEY_UILaunchScreen_Generation = YES;
				INFOPLIST_KEY_UISupportedInterfaceOrientations_iPad = "UIInterfaceOrientationPortrait UIInterfaceOrientationPortraitUpsideDown UIInterfaceOrientationLandscapeLeft UIInterfaceOrientationLandscapeRight";
				INFOPLIST_KEY_UISupportedInterfaceOrientations_iPhone = "UIInterfaceOrientationPortrait UIInterfaceOrientationLandscapeLeft UIInterfaceOrientationLandscapeRight";
				LD_RUNPATH_SEARCH_PATHS = (
					"$(inherited)",
					"@executable_path/Frameworks",
				);
				MARKETING_VERSION = 1.0;
				PRODUCT_BUNDLE_IDENTIFIER = dev.petermolnar.Drawing;
				PRODUCT_NAME = "$(TARGET_NAME)";
				SWIFT_EMIT_LOC_STRINGS = YES;
				SWIFT_VERSION = 5.0;
				TARGETED_DEVICE_FAMILY = "1,2";
			};
			name = Release;
		};
/* End XCBuildConfiguration section */

/* Begin XCConfigurationList section */
		C7E41FDD27693652008E5ABA /* Build configuration list for PBXProject "Drawing" */ = {
			isa = XCConfigurationList;
			buildConfigurations = (
				C7E41FEE27693653008E5ABA /* Debug */,
				C7E41FEF27693653008E5ABA /* Release */,
			);
			defaultConfigurationIsVisible = 0;
			defaultConfigurationName = Release;
		};
		C7E41FF027693653008E5ABA /* Build configuration list for PBXNativeTarget "Drawing" */ = {
			isa = XCConfigurationList;
			buildConfigurations = (
				C7E41FF127693653008E5ABA /* Debug */,
				C7E41FF227693653008E5ABA /* Release */,
			);
			defaultConfigurationIsVisible = 0;
			defaultConfigurationName = Release;
		};
/* End XCConfigurationList section */
	};
	rootObject = C7E41FDA27693652008E5ABA /* Project object */;
}
